
Microsoft Visual Studio Solution File, Format Version 12.00
# Visual Studio Version 17
VisualStudioVersion = 17.3.32922.545
MinimumVisualStudioVersion = 10.0.40219.1
Project("{FAE04EC0-301F-11D3-BF4B-00C04F79EFBC}") = "AutomobileLibrary", "AutomobileLibrary\AutomobileLibrary.csproj", "{910C53B6-0D23-458A-B974-B1FBF6BC38FC}"
EndProject
Global
	GlobalSection(SolutionConfigurationPlatforms) = preSolution
		Debug|Any CPU = Debug|Any CPU
		Release|Any CPU = Release|Any CPU
	EndGlobalSection
	GlobalSection(ProjectConfigurationPlatforms) = postSolution
		{910C53B6-0D23-458A-B974-B1FBF6BC38FC}.Debug|Any CPU.ActiveCfg = Debug|Any CPU
		{910C53B6-0D23-458A-B974-B1FBF6BC38FC}.Debug|Any CPU.Build.0 = Debug|Any CPU
		{910C53B6-0D23-458A-B974-B1FBF6BC38FC}.Release|Any CPU.ActiveCfg = Release|Any CPU
		{910C53B6-0D23-458A-B974-B1FBF6BC38FC}.Release|Any CPU.Build.0 = Release|Any CPU
	EndGlobalSection
	GlobalSection(SolutionProperties) = preSolution
		HideSolutionNode = FALSE
	EndGlobalSection
	GlobalSection(ExtensibilityGlobals) = postSolution
		SolutionGuid = {CD476D46-2B10-47FD-B102-A51F24EEA707}
	EndGlobalSection
EndGlobal
