
Microsoft Visual Studio Solution File, Format Version 12.00
# Visual Studio Version 17
VisualStudioVersion = 17.3.32922.545
MinimumVisualStudioVersion = 10.0.40219.1
Project("{FAE04EC0-301F-11D3-BF4B-00C04F79EFBC}") = "CustomerWinApp", "PRN211_PE_FINAL\CustomerWinApp.csproj", "{4AB6E034-E321-416F-BB47-FFD696B922F8}"
EndProject
Project("{FAE04EC0-301F-11D3-BF4B-00C04F79EFBC}") = "CustomerLibrary", "CustomerLibrary\CustomerLibrary.csproj", "{80F72E47-1986-452C-AD29-5B39D5CE11F6}"
EndProject
Global
	GlobalSection(SolutionConfigurationPlatforms) = preSolution
		Debug|Any CPU = Debug|Any CPU
		Release|Any CPU = Release|Any CPU
	EndGlobalSection
	GlobalSection(ProjectConfigurationPlatforms) = postSolution
		{4AB6E034-E321-416F-BB47-FFD696B922F8}.Debug|Any CPU.ActiveCfg = Debug|Any CPU
		{4AB6E034-E321-416F-BB47-FFD696B922F8}.Debug|Any CPU.Build.0 = Debug|Any CPU
		{4AB6E034-E321-416F-BB47-FFD696B922F8}.Release|Any CPU.ActiveCfg = Release|Any CPU
		{4AB6E034-E321-416F-BB47-FFD696B922F8}.Release|Any CPU.Build.0 = Release|Any CPU
		{80F72E47-1986-452C-AD29-5B39D5CE11F6}.Debug|Any CPU.ActiveCfg = Debug|Any CPU
		{80F72E47-1986-452C-AD29-5B39D5CE11F6}.Debug|Any CPU.Build.0 = Debug|Any CPU
		{80F72E47-1986-452C-AD29-5B39D5CE11F6}.Release|Any CPU.ActiveCfg = Release|Any CPU
		{80F72E47-1986-452C-AD29-5B39D5CE11F6}.Release|Any CPU.Build.0 = Release|Any CPU
	EndGlobalSection
	GlobalSection(SolutionProperties) = preSolution
		HideSolutionNode = FALSE
	EndGlobalSection
	GlobalSection(ExtensibilityGlobals) = postSolution
		SolutionGuid = {832574EF-74CA-4EF9-86F3-AA8AEA428574}
	EndGlobalSection
EndGlobal
